
Microsoft Visual Studio Solution File, Format Version 12.00
# Visual Studio Version 16
VisualStudioVersion = 16.0.29411.108
MinimumVisualStudioVersion = 10.0.40219.1
Project("{FAE04EC0-301F-11D3-BF4B-00C04F79EFBC}") = "PathFinderDijkstra", "PathFinderDijkstra\PathFinderDijkstra.csproj", "{B29761C6-F0DC-4A13-971B-47694BE4738C}"
	ProjectSection(ProjectDependencies) = postProject
		{C69C2B1F-41BF-40CF-9A26-08D446621185} = {C69C2B1F-41BF-40CF-9A26-08D446621185}
		{C857E366-8617-4B9C-8F98-B6F98B7100AE} = {C857E366-8617-4B9C-8F98-B6F98B7100AE}
	EndProjectSection
EndProject
Project("{8BC9CEB8-8B4A-11D0-8D11-00A0C91BC942}") = "ASM", "ASM\ASM.vcxproj", "{C857E366-8617-4B9C-8F98-B6F98B7100AE}"
EndProject
Project("{FAE04EC0-301F-11D3-BF4B-00C04F79EFBC}") = "DijkstraNET", "DijkstraNET\DijkstraNET.csproj", "{C69C2B1F-41BF-40CF-9A26-08D446621185}"
EndProject
Global
	GlobalSection(SolutionConfigurationPlatforms) = preSolution
		Debug|Any CPU = Debug|Any CPU
		Debug|x64 = Debug|x64
		Debug|x86 = Debug|x86
		Release|Any CPU = Release|Any CPU
		Release|x64 = Release|x64
		Release|x86 = Release|x86
	EndGlobalSection
	GlobalSection(ProjectConfigurationPlatforms) = postSolution
		{B29761C6-F0DC-4A13-971B-47694BE4738C}.Debug|Any CPU.ActiveCfg = Debug|Any CPU
		{B29761C6-F0DC-4A13-971B-47694BE4738C}.Debug|Any CPU.Build.0 = Debug|Any CPU
		{B29761C6-F0DC-4A13-971B-47694BE4738C}.Debug|x64.ActiveCfg = Debug|Any CPU
		{B29761C6-F0DC-4A13-971B-47694BE4738C}.Debug|x64.Build.0 = Debug|Any CPU
		{B29761C6-F0DC-4A13-971B-47694BE4738C}.Debug|x86.ActiveCfg = Debug|Any CPU
		{B29761C6-F0DC-4A13-971B-47694BE4738C}.Debug|x86.Build.0 = Debug|Any CPU
		{B29761C6-F0DC-4A13-971B-47694BE4738C}.Release|Any CPU.ActiveCfg = Release|Any CPU
		{B29761C6-F0DC-4A13-971B-47694BE4738C}.Release|Any CPU.Build.0 = Release|Any CPU
		{B29761C6-F0DC-4A13-971B-47694BE4738C}.Release|x64.ActiveCfg = Release|Any CPU
		{B29761C6-F0DC-4A13-971B-47694BE4738C}.Release|x64.Build.0 = Release|Any CPU
		{B29761C6-F0DC-4A13-971B-47694BE4738C}.Release|x86.ActiveCfg = Release|Any CPU
		{B29761C6-F0DC-4A13-971B-47694BE4738C}.Release|x86.Build.0 = Release|Any CPU
		{C857E366-8617-4B9C-8F98-B6F98B7100AE}.Debug|Any CPU.ActiveCfg = Debug|x64
		{C857E366-8617-4B9C-8F98-B6F98B7100AE}.Debug|Any CPU.Build.0 = Debug|x64
		{C857E366-8617-4B9C-8F98-B6F98B7100AE}.Debug|x64.ActiveCfg = Debug|x64
		{C857E366-8617-4B9C-8F98-B6F98B7100AE}.Debug|x64.Build.0 = Debug|x64
		{C857E366-8617-4B9C-8F98-B6F98B7100AE}.Debug|x86.ActiveCfg = Debug|Win32
		{C857E366-8617-4B9C-8F98-B6F98B7100AE}.Debug|x86.Build.0 = Debug|Win32
		{C857E366-8617-4B9C-8F98-B6F98B7100AE}.Release|Any CPU.ActiveCfg = Release|x64
		{C857E366-8617-4B9C-8F98-B6F98B7100AE}.Release|Any CPU.Build.0 = Release|x64
		{C857E366-8617-4B9C-8F98-B6F98B7100AE}.Release|x64.ActiveCfg = Release|x64
		{C857E366-8617-4B9C-8F98-B6F98B7100AE}.Release|x64.Build.0 = Release|x64
		{C857E366-8617-4B9C-8F98-B6F98B7100AE}.Release|x86.ActiveCfg = Release|Win32
		{C857E366-8617-4B9C-8F98-B6F98B7100AE}.Release|x86.Build.0 = Release|Win32
		{C69C2B1F-41BF-40CF-9A26-08D446621185}.Debug|Any CPU.ActiveCfg = Debug|Any CPU
		{C69C2B1F-41BF-40CF-9A26-08D446621185}.Debug|Any CPU.Build.0 = Debug|Any CPU
		{C69C2B1F-41BF-40CF-9A26-08D446621185}.Debug|x64.ActiveCfg = Debug|Any CPU
		{C69C2B1F-41BF-40CF-9A26-08D446621185}.Debug|x64.Build.0 = Debug|Any CPU
		{C69C2B1F-41BF-40CF-9A26-08D446621185}.Debug|x86.ActiveCfg = Debug|Any CPU
		{C69C2B1F-41BF-40CF-9A26-08D446621185}.Debug|x86.Build.0 = Debug|Any CPU
		{C69C2B1F-41BF-40CF-9A26-08D446621185}.Release|Any CPU.ActiveCfg = Release|Any CPU
		{C69C2B1F-41BF-40CF-9A26-08D446621185}.Release|Any CPU.Build.0 = Release|Any CPU
		{C69C2B1F-41BF-40CF-9A26-08D446621185}.Release|x64.ActiveCfg = Release|Any CPU
		{C69C2B1F-41BF-40CF-9A26-08D446621185}.Release|x64.Build.0 = Release|Any CPU
		{C69C2B1F-41BF-40CF-9A26-08D446621185}.Release|x86.ActiveCfg = Release|Any CPU
		{C69C2B1F-41BF-40CF-9A26-08D446621185}.Release|x86.Build.0 = Release|Any CPU
	EndGlobalSection
	GlobalSection(SolutionProperties) = preSolution
		HideSolutionNode = FALSE
	EndGlobalSection
	GlobalSection(ExtensibilityGlobals) = postSolution
		SolutionGuid = {C1DEB5F0-909F-4DC6-99CD-D67FF8AD791E}
	EndGlobalSection
EndGlobal
